
Microsoft Visual Studio Solution File, Format Version 12.00
# Visual Studio 15
Project("{FAE04EC0-301F-11D3-BF4B-00C04F79EFBC}") = "Assembly-CSharp", "Assembly-CSharp.csproj", "{F2A624FE-F403-C495-846D-DEE4189547EC}"
EndProject
Project("{FAE04EC0-301F-11D3-BF4B-00C04F79EFBC}") = "Unity.XR.Management.Samples", "Unity.XR.Management.Samples.csproj", "{889C3ABF-54B2-6F4C-04A9-EDB194F86F5F}"
EndProject
Project("{FAE04EC0-301F-11D3-BF4B-00C04F79EFBC}") = "Unity.XR.Management.Samples.Editor", "Unity.XR.Management.Samples.Editor.csproj", "{BD37B79E-20FC-2A15-3E28-B81D8E95A5CA}"
EndProject
Global
	GlobalSection(SolutionConfigurationPlatforms) = preSolution
		Debug|Any CPU = Debug|Any CPU
		Release|Any CPU = Release|Any CPU
	EndGlobalSection
	GlobalSection(ProjectConfigurationPlatforms) = postSolution
		{F2A624FE-F403-C495-846D-DEE4189547EC}.Debug|Any CPU.ActiveCfg = Debug|Any CPU
		{F2A624FE-F403-C495-846D-DEE4189547EC}.Debug|Any CPU.Build.0 = Debug|Any CPU
		{F2A624FE-F403-C495-846D-DEE4189547EC}.Release|Any CPU.ActiveCfg = Release|Any CPU
		{F2A624FE-F403-C495-846D-DEE4189547EC}.Release|Any CPU.Build.0 = Release|Any CPU
		{889C3ABF-54B2-6F4C-04A9-EDB194F86F5F}.Debug|Any CPU.ActiveCfg = Debug|Any CPU
		{889C3ABF-54B2-6F4C-04A9-EDB194F86F5F}.Debug|Any CPU.Build.0 = Debug|Any CPU
		{889C3ABF-54B2-6F4C-04A9-EDB194F86F5F}.Release|Any CPU.ActiveCfg = Release|Any CPU
		{889C3ABF-54B2-6F4C-04A9-EDB194F86F5F}.Release|Any CPU.Build.0 = Release|Any CPU
		{BD37B79E-20FC-2A15-3E28-B81D8E95A5CA}.Debug|Any CPU.ActiveCfg = Debug|Any CPU
		{BD37B79E-20FC-2A15-3E28-B81D8E95A5CA}.Debug|Any CPU.Build.0 = Debug|Any CPU
		{BD37B79E-20FC-2A15-3E28-B81D8E95A5CA}.Release|Any CPU.ActiveCfg = Release|Any CPU
		{BD37B79E-20FC-2A15-3E28-B81D8E95A5CA}.Release|Any CPU.Build.0 = Release|Any CPU
	EndGlobalSection
	GlobalSection(SolutionProperties) = preSolution
		HideSolutionNode = FALSE
	EndGlobalSection
EndGlobal
